
Microsoft Visual Studio Solution File, Format Version 12.00
# Visual Studio Version 17
VisualStudioVersion = 17.4.33213.308
MinimumVisualStudioVersion = 10.0.40219.1
Project("{FAE04EC0-301F-11D3-BF4B-00C04F79EFBC}") = "DevIO.App", "src\Dev.io\DevIO.App.csproj", "{856BAAC3-2402-4889-8D32-3849DC623F2C}"
EndProject
Project("{FAE04EC0-301F-11D3-BF4B-00C04F79EFBC}") = "DevIO.Business", "src\DevIO.Business\DevIO.Business.csproj", "{071979BC-8A6C-4BE8-AB01-FEA074752C2F}"
EndProject
Project("{FAE04EC0-301F-11D3-BF4B-00C04F79EFBC}") = "DevIO.Data", "src\DevIO.Data\DevIO.Data.csproj", "{F6136A88-B692-450C-BAED-074FA22B5638}"
EndProject
Global
	GlobalSection(SolutionConfigurationPlatforms) = preSolution
		Debug|Any CPU = Debug|Any CPU
		Release|Any CPU = Release|Any CPU
	EndGlobalSection
	GlobalSection(ProjectConfigurationPlatforms) = postSolution
		{856BAAC3-2402-4889-8D32-3849DC623F2C}.Debug|Any CPU.ActiveCfg = Debug|Any CPU
		{856BAAC3-2402-4889-8D32-3849DC623F2C}.Debug|Any CPU.Build.0 = Debug|Any CPU
		{856BAAC3-2402-4889-8D32-3849DC623F2C}.Release|Any CPU.ActiveCfg = Release|Any CPU
		{856BAAC3-2402-4889-8D32-3849DC623F2C}.Release|Any CPU.Build.0 = Release|Any CPU
		{071979BC-8A6C-4BE8-AB01-FEA074752C2F}.Debug|Any CPU.ActiveCfg = Debug|Any CPU
		{071979BC-8A6C-4BE8-AB01-FEA074752C2F}.Debug|Any CPU.Build.0 = Debug|Any CPU
		{071979BC-8A6C-4BE8-AB01-FEA074752C2F}.Release|Any CPU.ActiveCfg = Release|Any CPU
		{071979BC-8A6C-4BE8-AB01-FEA074752C2F}.Release|Any CPU.Build.0 = Release|Any CPU
		{F6136A88-B692-450C-BAED-074FA22B5638}.Debug|Any CPU.ActiveCfg = Debug|Any CPU
		{F6136A88-B692-450C-BAED-074FA22B5638}.Debug|Any CPU.Build.0 = Debug|Any CPU
		{F6136A88-B692-450C-BAED-074FA22B5638}.Release|Any CPU.ActiveCfg = Release|Any CPU
		{F6136A88-B692-450C-BAED-074FA22B5638}.Release|Any CPU.Build.0 = Release|Any CPU
	EndGlobalSection
	GlobalSection(SolutionProperties) = preSolution
		HideSolutionNode = FALSE
	EndGlobalSection
	GlobalSection(ExtensibilityGlobals) = postSolution
		SolutionGuid = {79E060F2-AEE1-44A0-B44E-461F20E9E7D6}
	EndGlobalSection
EndGlobal
